
Microsoft Visual Studio Solution File, Format Version 12.00
# Visual Studio Version 17
VisualStudioVersion = 17.5.33502.453
MinimumVisualStudioVersion = 10.0.40219.1
Project("{FAE04EC0-301F-11D3-BF4B-00C04F79EFBC}") = "Business", "Business\Business.csproj", "{DAE748F9-500E-422F-AC5E-7110209EB145}"
EndProject
Project("{FAE04EC0-301F-11D3-BF4B-00C04F79EFBC}") = "DataAccess", "DataAccess\DataAccess.csproj", "{86ED7946-7AEA-4E8C-A3B5-73D330A5CB0F}"
EndProject
Project("{FAE04EC0-301F-11D3-BF4B-00C04F79EFBC}") = "Entities", "Entities\Entities.csproj", "{9A4202F7-B5AA-4B0D-8EA2-15F7056CACEC}"
EndProject
Project("{9A19103F-16F7-4668-BE54-9A1E7A4F7556}") = "Core", "Core\Core.csproj", "{082F4797-7FC7-4C75-B1B9-7EAC737A1022}"
EndProject
Project("{FAE04EC0-301F-11D3-BF4B-00C04F79EFBC}") = "TestConsole", "TestConsole\TestConsole.csproj", "{59464289-3CDD-43EE-AD30-6607DA568BB6}"
EndProject
Project("{FAE04EC0-301F-11D3-BF4B-00C04F79EFBC}") = "UI", "UI\UI.csproj", "{C54CFFD9-6922-4F74-9ABE-27AB21D90E4E}"
EndProject
Global
	GlobalSection(SolutionConfigurationPlatforms) = preSolution
		Debug|Any CPU = Debug|Any CPU
		Release|Any CPU = Release|Any CPU
	EndGlobalSection
	GlobalSection(ProjectConfigurationPlatforms) = postSolution
		{DAE748F9-500E-422F-AC5E-7110209EB145}.Debug|Any CPU.ActiveCfg = Debug|Any CPU
		{DAE748F9-500E-422F-AC5E-7110209EB145}.Debug|Any CPU.Build.0 = Debug|Any CPU
		{DAE748F9-500E-422F-AC5E-7110209EB145}.Release|Any CPU.ActiveCfg = Release|Any CPU
		{DAE748F9-500E-422F-AC5E-7110209EB145}.Release|Any CPU.Build.0 = Release|Any CPU
		{86ED7946-7AEA-4E8C-A3B5-73D330A5CB0F}.Debug|Any CPU.ActiveCfg = Debug|Any CPU
		{86ED7946-7AEA-4E8C-A3B5-73D330A5CB0F}.Debug|Any CPU.Build.0 = Debug|Any CPU
		{86ED7946-7AEA-4E8C-A3B5-73D330A5CB0F}.Release|Any CPU.ActiveCfg = Release|Any CPU
		{86ED7946-7AEA-4E8C-A3B5-73D330A5CB0F}.Release|Any CPU.Build.0 = Release|Any CPU
		{9A4202F7-B5AA-4B0D-8EA2-15F7056CACEC}.Debug|Any CPU.ActiveCfg = Debug|Any CPU
		{9A4202F7-B5AA-4B0D-8EA2-15F7056CACEC}.Debug|Any CPU.Build.0 = Debug|Any CPU
		{9A4202F7-B5AA-4B0D-8EA2-15F7056CACEC}.Release|Any CPU.ActiveCfg = Release|Any CPU
		{9A4202F7-B5AA-4B0D-8EA2-15F7056CACEC}.Release|Any CPU.Build.0 = Release|Any CPU
		{082F4797-7FC7-4C75-B1B9-7EAC737A1022}.Debug|Any CPU.ActiveCfg = Debug|Any CPU
		{082F4797-7FC7-4C75-B1B9-7EAC737A1022}.Debug|Any CPU.Build.0 = Debug|Any CPU
		{082F4797-7FC7-4C75-B1B9-7EAC737A1022}.Release|Any CPU.ActiveCfg = Release|Any CPU
		{082F4797-7FC7-4C75-B1B9-7EAC737A1022}.Release|Any CPU.Build.0 = Release|Any CPU
		{59464289-3CDD-43EE-AD30-6607DA568BB6}.Debug|Any CPU.ActiveCfg = Debug|Any CPU
		{59464289-3CDD-43EE-AD30-6607DA568BB6}.Debug|Any CPU.Build.0 = Debug|Any CPU
		{59464289-3CDD-43EE-AD30-6607DA568BB6}.Release|Any CPU.ActiveCfg = Release|Any CPU
		{59464289-3CDD-43EE-AD30-6607DA568BB6}.Release|Any CPU.Build.0 = Release|Any CPU
		{C54CFFD9-6922-4F74-9ABE-27AB21D90E4E}.Debug|Any CPU.ActiveCfg = Debug|Any CPU
		{C54CFFD9-6922-4F74-9ABE-27AB21D90E4E}.Debug|Any CPU.Build.0 = Debug|Any CPU
		{C54CFFD9-6922-4F74-9ABE-27AB21D90E4E}.Release|Any CPU.ActiveCfg = Release|Any CPU
		{C54CFFD9-6922-4F74-9ABE-27AB21D90E4E}.Release|Any CPU.Build.0 = Release|Any CPU
	EndGlobalSection
	GlobalSection(SolutionProperties) = preSolution
		HideSolutionNode = FALSE
	EndGlobalSection
	GlobalSection(ExtensibilityGlobals) = postSolution
		SolutionGuid = {30DB900B-2307-4DE3-8C2A-213EE829AD12}
	EndGlobalSection
EndGlobal
